
Microsoft Visual Studio Solution File, Format Version 12.00
# Visual Studio Version 17
VisualStudioVersion = 17.8.34525.116
MinimumVisualStudioVersion = 10.0.40219.1
Project("{FAE04EC0-301F-11D3-BF4B-00C04F79EFBC}") = "Open A-Life Visualiser", "Open A-Life Visualiser.csproj", "{900B9675-A01F-43B2-B3A8-F66FD7BB65DA}"
EndProject
Global
	GlobalSection(SolutionConfigurationPlatforms) = preSolution
		Debug|Any CPU = Debug|Any CPU
		Release|Any CPU = Release|Any CPU
	EndGlobalSection
	GlobalSection(ProjectConfigurationPlatforms) = postSolution
		{900B9675-A01F-43B2-B3A8-F66FD7BB65DA}.Debug|Any CPU.ActiveCfg = Debug|Any CPU
		{900B9675-A01F-43B2-B3A8-F66FD7BB65DA}.Debug|Any CPU.Build.0 = Debug|Any CPU
		{900B9675-A01F-43B2-B3A8-F66FD7BB65DA}.Release|Any CPU.ActiveCfg = Release|Any CPU
		{900B9675-A01F-43B2-B3A8-F66FD7BB65DA}.Release|Any CPU.Build.0 = Release|Any CPU
	EndGlobalSection
	GlobalSection(SolutionProperties) = preSolution
		HideSolutionNode = FALSE
	EndGlobalSection
	GlobalSection(ExtensibilityGlobals) = postSolution
		SolutionGuid = {AEA68BEC-1A85-4723-8746-98CD3F89E9CF}
	EndGlobalSection
EndGlobal
