
Microsoft Visual Studio Solution File, Format Version 12.00
# Visual Studio Version 17
VisualStudioVersion = 17.9.34728.123
MinimumVisualStudioVersion = 10.0.40219.1
Project("{FAE04EC0-301F-11D3-BF4B-00C04F79EFBC}") = "Visualiser", "Visualiser.csproj", "{B7F8B1A8-F595-47C4-8AE5-D226086703DC}"
EndProject
Global
	GlobalSection(SolutionConfigurationPlatforms) = preSolution
		Debug|Any CPU = Debug|Any CPU
		Release|Any CPU = Release|Any CPU
	EndGlobalSection
	GlobalSection(ProjectConfigurationPlatforms) = postSolution
		{B7F8B1A8-F595-47C4-8AE5-D226086703DC}.Debug|Any CPU.ActiveCfg = Debug|Any CPU
		{B7F8B1A8-F595-47C4-8AE5-D226086703DC}.Debug|Any CPU.Build.0 = Debug|Any CPU
		{B7F8B1A8-F595-47C4-8AE5-D226086703DC}.Release|Any CPU.ActiveCfg = Release|Any CPU
		{B7F8B1A8-F595-47C4-8AE5-D226086703DC}.Release|Any CPU.Build.0 = Release|Any CPU
	EndGlobalSection
	GlobalSection(SolutionProperties) = preSolution
		HideSolutionNode = FALSE
	EndGlobalSection
	GlobalSection(ExtensibilityGlobals) = postSolution
		SolutionGuid = {7A6E4BB4-F488-4043-B25E-F78974866C78}
	EndGlobalSection
EndGlobal
