<?xml version="1.0" encoding="utf-8"?>
<Project ToolsVersion="4.0" xmlns="http://schemas.microsoft.com/developer/msbuild/2003">
  <ItemGroup>
    <Filter Include="Core">
      <UniqueIdentifier>{2EB4837C-1AEB-840D-C3D7-6A10AFED000F}</UniqueIdentifier>
    </Filter>
    <Filter Include="Core\Private">
      <UniqueIdentifier>{1899373D-04FC-C6E1-AD81-FF9799C39264}</UniqueIdentifier>
    </Filter>
    <Filter Include="Core\Public">
      <UniqueIdentifier>{9C17B08D-08CD-2883-91C1-225AFD751F87}</UniqueIdentifier>
    </Filter>
    <Filter Include="Modules">
      <UniqueIdentifier>{DE144435-4AF4-C2D0-530C-4EA7BF6A2932}</UniqueIdentifier>
    </Filter>
    <Filter Include="Modules\Private">
      <UniqueIdentifier>{C8A9E575-3435-533A-3D46-D62EA950AF3A}</UniqueIdentifier>
    </Filter>
    <Filter Include="Modules\Private\Director">
      <UniqueIdentifier>{3369D5D1-1F8E-2452-48D9-09E2345D2370}</UniqueIdentifier>
    </Filter>
    <Filter Include="Modules\Private\File Wizard">
      <UniqueIdentifier>{C87FA91D-348D-D703-BD73-D3EE2980A3BA}</UniqueIdentifier>
    </Filter>
    <Filter Include="Modules\Private\Gossiper">
      <UniqueIdentifier>{030CCE67-EF30-1DE8-187C-027804001C06}</UniqueIdentifier>
    </Filter>
    <Filter Include="Modules\Private\Packet Ninja">
      <UniqueIdentifier>{FFC9B7E0-EB84-A78C-943C-20D780D6F11C}</UniqueIdentifier>
    </Filter>
    <Filter Include="Modules\Public">
      <UniqueIdentifier>{4CD2860B-38A0-7A11-2134-EB370DA15676}</UniqueIdentifier>
    </Filter>
    <Filter Include="Modules\Public\Director">
      <UniqueIdentifier>{3766B608-A39D-FE9F-ACA7-62C3185E2599}</UniqueIdentifier>
    </Filter>
    <Filter Include="Modules\Public\File Wizard">
      <UniqueIdentifier>{4C8E47F3-389E-F3C3-A157-58E28D86E25C}</UniqueIdentifier>
    </Filter>
    <Filter Include="Modules\Public\Gossiper">
      <UniqueIdentifier>{0709AF9E-7340-F735-7C4A-5B59E8001E2F}</UniqueIdentifier>
    </Filter>
    <Filter Include="Modules\Public\Packet Ninja">
      <UniqueIdentifier>{03A9176A-6FB6-4550-F89C-413B64A91107}</UniqueIdentifier>
    </Filter>
  </ItemGroup>
  <ItemGroup>
    <ClInclude Include="Source\Core\Core.h">
      <Filter>Core\Public</Filter>
    </ClInclude>
    <ClInclude Include="Source\Core\Type_Definitions.hpp">
      <Filter>Core\Public</Filter>
    </ClInclude>
    <ClInclude Include="Source\Modules\Director\Director.h">
      <Filter>Modules\Public\Director</Filter>
    </ClInclude>
    <ClInclude Include="Source\Modules\File Wizard\File_Wizard.h">
      <Filter>Modules\Public\File Wizard</Filter>
    </ClInclude>
    <ClInclude Include="Source\Modules\Gossiper\Log.h">
      <Filter>Modules\Public\Gossiper</Filter>
    </ClInclude>
    <ClInclude Include="Source\Modules\Packet Ninja\Packet_Ninja.h">
      <Filter>Modules\Public\Packet Ninja</Filter>
    </ClInclude>
  </ItemGroup>
  <ItemGroup>
    <ClCompile Include="Source\Core\Core.cpp">
      <Filter>Core\Private</Filter>
    </ClCompile>
    <ClCompile Include="Source\Modules\Director\Director.cpp">
      <Filter>Modules\Private\Director</Filter>
    </ClCompile>
    <ClCompile Include="Source\Modules\File Wizard\File_Wizard.cpp">
      <Filter>Modules\Private\File Wizard</Filter>
    </ClCompile>
    <ClCompile Include="Source\Modules\Gossiper\Log.cpp">
      <Filter>Modules\Private\Gossiper</Filter>
    </ClCompile>
    <ClCompile Include="Source\Modules\Packet Ninja\Packet_Ninja.cpp">
      <Filter>Modules\Private\Packet Ninja</Filter>
    </ClCompile>
  </ItemGroup>
</Project>